// !$*UTF8*$!
{
	archiveVersion = 1;
	classes = {
	};
	objectVersion = 56;
	objects = {

/* Begin PBXBuildFile section */
		51BA42B329F74FED004E73A4 /* ColorExtension.swift in Sources */ = {isa = PBXBuildFile; fileRef = 51BA42B229F74FED004E73A4 /* ColorExtension.swift */; };
		6C0D363929F5F51E00F10389 /* Emojii_GeneratorApp.swift in Sources */ = {isa = PBXBuildFile; fileRef = 6C0D363829F5F51E00F10389 /* Emojii_GeneratorApp.swift */; };
		6C0D363D29F5F51F00F10389 /* Assets.xcassets in Resources */ = {isa = PBXBuildFile; fileRef = 6C0D363C29F5F51F00F10389 /* Assets.xcassets */; };
		6C0D364029F5F51F00F10389 /* Preview Assets.xcassets in Resources */ = {isa = PBXBuildFile; fileRef = 6C0D363F29F5F51F00F10389 /* Preview Assets.xcassets */; };
		6C0D364A29F5F52000F10389 /* Emojii_GeneratorTests.swift in Sources */ = {isa = PBXBuildFile; fileRef = 6C0D364929F5F52000F10389 /* Emojii_GeneratorTests.swift */; };
		6C0D365429F5F52000F10389 /* Emojii_GeneratorUITests.swift in Sources */ = {isa = PBXBuildFile; fileRef = 6C0D365329F5F52000F10389 /* Emojii_GeneratorUITests.swift */; };
		6C0D365629F5F52000F10389 /* Emojii_GeneratorUITestsLaunchTests.swift in Sources */ = {isa = PBXBuildFile; fileRef = 6C0D365529F5F52000F10389 /* Emojii_GeneratorUITestsLaunchTests.swift */; };
		6C0D366329F603AA00F10389 /* startupPage.swift in Sources */ = {isa = PBXBuildFile; fileRef = 6C0D366229F603AA00F10389 /* startupPage.swift */; };
		6C0D366529F62B0B00F10389 /* Files.swift in Sources */ = {isa = PBXBuildFile; fileRef = 6C0D366429F62B0B00F10389 /* Files.swift */; };
/* End PBXBuildFile section */

/* Begin PBXContainerItemProxy section */
		6C0D364629F5F52000F10389 /* PBXContainerItemProxy */ = {
			isa = PBXContainerItemProxy;
			containerPortal = 6C0D362D29F5F51E00F10389 /* Project object */;
			proxyType = 1;
			remoteGlobalIDString = 6C0D363429F5F51E00F10389;
			remoteInfo = "Emojii Generator";
		};
		6C0D365029F5F52000F10389 /* PBXContainerItemProxy */ = {
			isa = PBXContainerItemProxy;
			containerPortal = 6C0D362D29F5F51E00F10389 /* Project object */;
			proxyType = 1;
			remoteGlobalIDString = 6C0D363429F5F51E00F10389;
			remoteInfo = "Emojii Generator";
		};
/* End PBXContainerItemProxy section */

/* Begin PBXFileReference section */
		51BA42B229F74FED004E73A4 /* ColorExtension.swift */ = {isa = PBXFileReference; lastKnownFileType = sourcecode.swift; path = ColorExtension.swift; sourceTree = "<group>"; };
		6C0D363529F5F51E00F10389 /* Emojii Generator.app */ = {isa = PBXFileReference; explicitFileType = wrapper.application; includeInIndex = 0; path = "Emojii Generator.app"; sourceTree = BUILT_PRODUCTS_DIR; };
		6C0D363829F5F51E00F10389 /* Emojii_GeneratorApp.swift */ = {isa = PBXFileReference; lastKnownFileType = sourcecode.swift; path = Emojii_GeneratorApp.swift; sourceTree = "<group>"; };
		6C0D363C29F5F51F00F10389 /* Assets.xcassets */ = {isa = PBXFileReference; lastKnownFileType = folder.assetcatalog; path = Assets.xcassets; sourceTree = "<group>"; };
		6C0D363F29F5F51F00F10389 /* Preview Assets.xcassets */ = {isa = PBXFileReference; lastKnownFileType = folder.assetcatalog; path = "Preview Assets.xcassets"; sourceTree = "<group>"; };
		6C0D364529F5F52000F10389 /* Emojii GeneratorTests.xctest */ = {isa = PBXFileReference; explicitFileType = wrapper.cfbundle; includeInIndex = 0; path = "Emojii GeneratorTests.xctest"; sourceTree = BUILT_PRODUCTS_DIR; };
		6C0D364929F5F52000F10389 /* Emojii_GeneratorTests.swift */ = {isa = PBXFileReference; lastKnownFileType = sourcecode.swift; path = Emojii_GeneratorTests.swift; sourceTree = "<group>"; };
		6C0D364F29F5F52000F10389 /* Emojii GeneratorUITests.xctest */ = {isa = PBXFileReference; explicitFileType = wrapper.cfbundle; includeInIndex = 0; path = "Emojii GeneratorUITests.xctest"; sourceTree = BUILT_PRODUCTS_DIR; };
		6C0D365329F5F52000F10389 /* Emojii_GeneratorUITests.swift */ = {isa = PBXFileReference; lastKnownFileType = sourcecode.swift; path = Emojii_GeneratorUITests.swift; sourceTree = "<group>"; };
		6C0D365529F5F52000F10389 /* Emojii_GeneratorUITestsLaunchTests.swift */ = {isa = PBXFileReference; lastKnownFileType = sourcecode.swift; path = Emojii_GeneratorUITestsLaunchTests.swift; sourceTree = "<group>"; };
		6C0D366229F603AA00F10389 /* startupPage.swift */ = {isa = PBXFileReference; lastKnownFileType = sourcecode.swift; path = startupPage.swift; sourceTree = "<group>"; };
		6C0D366429F62B0B00F10389 /* Files.swift */ = {isa = PBXFileReference; lastKnownFileType = sourcecode.swift; path = Files.swift; sourceTree = "<group>"; };
/* End PBXFileReference section */

/* Begin PBXFrameworksBuildPhase section */
		6C0D363229F5F51E00F10389 /* Frameworks */ = {
			isa = PBXFrameworksBuildPhase;
			buildActionMask = 2147483647;
			files = (
			);
			runOnlyForDeploymentPostprocessing = 0;
		};
		6C0D364229F5F52000F10389 /* Frameworks */ = {
			isa = PBXFrameworksBuildPhase;
			buildActionMask = 2147483647;
			files = (
			);
			runOnlyForDeploymentPostprocessing = 0;
		};
		6C0D364C29F5F52000F10389 /* Frameworks */ = {
			isa = PBXFrameworksBuildPhase;
			buildActionMask = 2147483647;
			files = (
			);
			runOnlyForDeploymentPostprocessing = 0;
		};
/* End PBXFrameworksBuildPhase section */

/* Begin PBXGroup section */
		6C0D362C29F5F51E00F10389 = {
			isa = PBXGroup;
			children = (
				6C0D363729F5F51E00F10389 /* Emojii Generator */,
				6C0D364829F5F52000F10389 /* Emojii GeneratorTests */,
				6C0D365229F5F52000F10389 /* Emojii GeneratorUITests */,
				6C0D363629F5F51E00F10389 /* Products */,
			);
			sourceTree = "<group>";
		};
		6C0D363629F5F51E00F10389 /* Products */ = {
			isa = PBXGroup;
			children = (
				6C0D363529F5F51E00F10389 /* Emojii Generator.app */,
				6C0D364529F5F52000F10389 /* Emojii GeneratorTests.xctest */,
				6C0D364F29F5F52000F10389 /* Emojii GeneratorUITests.xctest */,
			);
			name = Products;
			sourceTree = "<group>";
		};
		6C0D363729F5F51E00F10389 /* Emojii Generator */ = {
			isa = PBXGroup;
			children = (
				6C0D363829F5F51E00F10389 /* Emojii_GeneratorApp.swift */,
				6C0D366229F603AA00F10389 /* startupPage.swift */,
				51BA42B229F74FED004E73A4 /* ColorExtension.swift */,
				6C0D366429F62B0B00F10389 /* Files.swift */,
				6C0D363C29F5F51F00F10389 /* Assets.xcassets */,
				6C0D363E29F5F51F00F10389 /* Preview Content */,
			);
			path = "Emojii Generator";
			sourceTree = "<group>";
		};
		6C0D363E29F5F51F00F10389 /* Preview Content */ = {
			isa = PBXGroup;
			children = (
				6C0D363F29F5F51F00F10389 /* Preview Assets.xcassets */,
			);
			path = "Preview Content";
			sourceTree = "<group>";
		};
		6C0D364829F5F52000F10389 /* Emojii GeneratorTests */ = {
			isa = PBXGroup;
			children = (
				6C0D364929F5F52000F10389 /* Emojii_GeneratorTests.swift */,
			);
			path = "Emojii GeneratorTests";
			sourceTree = "<group>";
		};
		6C0D365229F5F52000F10389 /* Emojii GeneratorUITests */ = {
			isa = PBXGroup;
			children = (
				6C0D365329F5F52000F10389 /* Emojii_GeneratorUITests.swift */,
				6C0D365529F5F52000F10389 /* Emojii_GeneratorUITestsLaunchTests.swift */,
			);
			path = "Emojii GeneratorUITests";
			sourceTree = "<group>";
		};
/* End PBXGroup section */

/* Begin PBXNativeTarget section */
		6C0D363429F5F51E00F10389 /* Emojii Generator */ = {
			isa = PBXNativeTarget;
			buildConfigurationList = 6C0D365929F5F52000F10389 /* Build configuration list for PBXNativeTarget "Emojii Generator" */;
			buildPhases = (
				6C0D363129F5F51E00F10389 /* Sources */,
				6C0D363229F5F51E00F10389 /* Frameworks */,
				6C0D363329F5F51E00F10389 /* Resources */,
			);
			buildRules = (
			);
			dependencies = (
			);
			name = "Emojii Generator";
			productName = "Emojii Generator";
			productReference = 6C0D363529F5F51E00F10389 /* Emojii Generator.app */;
			productType = "com.apple.product-type.application";
		};
		6C0D364429F5F52000F10389 /* Emojii GeneratorTests */ = {
			isa = PBXNativeTarget;
			buildConfigurationList = 6C0D365C29F5F52000F10389 /* Build configuration list for PBXNativeTarget "Emojii GeneratorTests" */;
			buildPhases = (
				6C0D364129F5F52000F10389 /* Sources */,
				6C0D364229F5F52000F10389 /* Frameworks */,
				6C0D364329F5F52000F10389 /* Resources */,
			);
			buildRules = (
			);
			dependencies = (
				6C0D364729F5F52000F10389 /* PBXTargetDependency */,
			);
			name = "Emojii GeneratorTests";
			productName = "Emojii GeneratorTests";
			productReference = 6C0D364529F5F52000F10389 /* Emojii GeneratorTests.xctest */;
			productType = "com.apple.product-type.bundle.unit-test";
		};
		6C0D364E29F5F52000F10389 /* Emojii GeneratorUITests */ = {
			isa = PBXNativeTarget;
			buildConfigurationList = 6C0D365F29F5F52000F10389 /* Build configuration list for PBXNativeTarget "Emojii GeneratorUITests" */;
			buildPhases = (
				6C0D364B29F5F52000F10389 /* Sources */,
				6C0D364C29F5F52000F10389 /* Frameworks */,
				6C0D364D29F5F52000F10389 /* Resources */,
			);
			buildRules = (
			);
			dependencies = (
				6C0D365129F5F52000F10389 /* PBXTargetDependency */,
			);
			name = "Emojii GeneratorUITests";
			productName = "Emojii GeneratorUITests";
			productReference = 6C0D364F29F5F52000F10389 /* Emojii GeneratorUITests.xctest */;
			productType = "com.apple.product-type.bundle.ui-testing";
		};
/* End PBXNativeTarget section */

/* Begin PBXProject section */
		6C0D362D29F5F51E00F10389 /* Project object */ = {
			isa = PBXProject;
			attributes = {
				BuildIndependentTargetsInParallel = 1;
				LastSwiftUpdateCheck = 1420;
				LastUpgradeCheck = 1420;
				TargetAttributes = {
					6C0D363429F5F51E00F10389 = {
						CreatedOnToolsVersion = 14.2;
					};
					6C0D364429F5F52000F10389 = {
						CreatedOnToolsVersion = 14.2;
						TestTargetID = 6C0D363429F5F51E00F10389;
					};
					6C0D364E29F5F52000F10389 = {
						CreatedOnToolsVersion = 14.2;
						TestTargetID = 6C0D363429F5F51E00F10389;
					};
				};
			};
			buildConfigurationList = 6C0D363029F5F51E00F10389 /* Build configuration list for PBXProject "Emojii Generator" */;
			compatibilityVersion = "Xcode 14.0";
			developmentRegion = en;
			hasScannedForEncodings = 0;
			knownRegions = (
				en,
				Base,
			);
			mainGroup = 6C0D362C29F5F51E00F10389;
			productRefGroup = 6C0D363629F5F51E00F10389 /* Products */;
			projectDirPath = "";
			projectRoot = "";
			targets = (
				6C0D363429F5F51E00F10389 /* Emojii Generator */,
				6C0D364429F5F52000F10389 /* Emojii GeneratorTests */,
				6C0D364E29F5F52000F10389 /* Emojii GeneratorUITests */,
			);
		};
/* End PBXProject section */

/* Begin PBXResourcesBuildPhase section */
		6C0D363329F5F51E00F10389 /* Resources */ = {
			isa = PBXResourcesBuildPhase;
			buildActionMask = 2147483647;
			files = (
				6C0D364029F5F51F00F10389 /* Preview Assets.xcassets in Resources */,
				6C0D363D29F5F51F00F10389 /* Assets.xcassets in Resources */,
			);
			runOnlyForDeploymentPostprocessing = 0;
		};
		6C0D364329F5F52000F10389 /* Resources */ = {
			isa = PBXResourcesBuildPhase;
			buildActionMask = 2147483647;
			files = (
			);
			runOnlyForDeploymentPostprocessing = 0;
		};
		6C0D364D29F5F52000F10389 /* Resources */ = {
			isa = PBXResourcesBuildPhase;
			buildActionMask = 2147483647;
			files = (
			);
			runOnlyForDeploymentPostprocessing = 0;
		};
/* End PBXResourcesBuildPhase section */

/* Begin PBXSourcesBuildPhase section */
		6C0D363129F5F51E00F10389 /* Sources */ = {
			isa = PBXSourcesBuildPhase;
			buildActionMask = 2147483647;
			files = (
				6C0D366529F62B0B00F10389 /* Files.swift in Sources */,
				6C0D366329F603AA00F10389 /* startupPage.swift in Sources */,
				6C0D363929F5F51E00F10389 /* Emojii_GeneratorApp.swift in Sources */,
				51BA42B329F74FED004E73A4 /* ColorExtension.swift in Sources */,
			);
			runOnlyForDeploymentPostprocessing = 0;
		};
		6C0D364129F5F52000F10389 /* Sources */ = {
			isa = PBXSourcesBuildPhase;
			buildActionMask = 2147483647;
			files = (
				6C0D364A29F5F52000F10389 /* Emojii_GeneratorTests.swift in Sources */,
			);
			runOnlyForDeploymentPostprocessing = 0;
		};
		6C0D364B29F5F52000F10389 /* Sources */ = {
			isa = PBXSourcesBuildPhase;
			buildActionMask = 2147483647;
			files = (
				6C0D365429F5F52000F10389 /* Emojii_GeneratorUITests.swift in Sources */,
				6C0D365629F5F52000F10389 /* Emojii_GeneratorUITestsLaunchTests.swift in Sources */,
			);
			runOnlyForDeploymentPostprocessing = 0;
		};
/* End PBXSourcesBuildPhase section */

/* Begin PBXTargetDependency section */
		6C0D364729F5F52000F10389 /* PBXTargetDependency */ = {
			isa = PBXTargetDependency;
			target = 6C0D363429F5F51E00F10389 /* Emojii Generator */;
			targetProxy = 6C0D364629F5F52000F10389 /* PBXContainerItemProxy */;
		};
		6C0D365129F5F52000F10389 /* PBXTargetDependency */ = {
			isa = PBXTargetDependency;
			target = 6C0D363429F5F51E00F10389 /* Emojii Generator */;
			targetProxy = 6C0D365029F5F52000F10389 /* PBXContainerItemProxy */;
		};
/* End PBXTargetDependency section */

/* Begin XCBuildConfiguration section */
		6C0D365729F5F52000F10389 /* Debug */ = {
			isa = XCBuildConfiguration;
			buildSettings = {
				ALWAYS_SEARCH_USER_PATHS = NO;
				CLANG_ANALYZER_NONNULL = YES;
				CLANG_ANALYZER_NUMBER_OBJECT_CONVERSION = YES_AGGRESSIVE;
				CLANG_CXX_LANGUAGE_STANDARD = "gnu++20";
				CLANG_ENABLE_MODULES = YES;
				CLANG_ENABLE_OBJC_ARC = YES;
				CLANG_ENABLE_OBJC_WEAK = YES;
				CLANG_WARN_BLOCK_CAPTURE_AUTORELEASING = YES;
				CLANG_WARN_BOOL_CONVERSION = YES;
				CLANG_WARN_COMMA = YES;
				CLANG_WARN_CONSTANT_CONVERSION = YES;
				CLANG_WARN_DEPRECATED_OBJC_IMPLEMENTATIONS = YES;
				CLANG_WARN_DIRECT_OBJC_ISA_USAGE = YES_ERROR;
				CLANG_WARN_DOCUMENTATION_COMMENTS = YES;
				CLANG_WARN_EMPTY_BODY = YES;
				CLANG_WARN_ENUM_CONVERSION = YES;
				CLANG_WARN_INFINITE_RECURSION = YES;
				CLANG_WARN_INT_CONVERSION = YES;
				CLANG_WARN_NON_LITERAL_NULL_CONVERSION = YES;
				CLANG_WARN_OBJC_IMPLICIT_RETAIN_SELF = YES;
				CLANG_WARN_OBJC_LITERAL_CONVERSION = YES;
				CLANG_WARN_OBJC_ROOT_CLASS = YES_ERROR;
				CLANG_WARN_QUOTED_INCLUDE_IN_FRAMEWORK_HEADER = YES;
				CLANG_WARN_RANGE_LOOP_ANALYSIS = YES;
				CLANG_WARN_STRICT_PROTOTYPES = YES;
				CLANG_WARN_SUSPICIOUS_MOVE = YES;
				CLANG_WARN_UNGUARDED_AVAILABILITY = YES_AGGRESSIVE;
				CLANG_WARN_UNREACHABLE_CODE = YES;
				CLANG_WARN__DUPLICATE_METHOD_MATCH = YES;
				COPY_PHASE_STRIP = NO;
				DEBUG_INFORMATION_FORMAT = dwarf;
				ENABLE_STRICT_OBJC_MSGSEND = YES;
				ENABLE_TESTABILITY = YES;
				GCC_C_LANGUAGE_STANDARD = gnu11;
				GCC_DYNAMIC_NO_PIC = NO;
				GCC_NO_COMMON_BLOCKS = YES;
				GCC_OPTIMIZATION_LEVEL = 0;
				GCC_PREPROCESSOR_DEFINITIONS = (
					"DEBUG=1",
					"$(inherited)",
				);
				GCC_WARN_64_TO_32_BIT_CONVERSION = YES;
				GCC_WARN_ABOUT_RETURN_TYPE = YES_ERROR;
				GCC_WARN_UNDECLARED_SELECTOR = YES;
				GCC_WARN_UNINITIALIZED_AUTOS = YES_AGGRESSIVE;
				GCC_WARN_UNUSED_FUNCTION = YES;
				GCC_WARN_UNUSED_VARIABLE = YES;
				IPHONEOS_DEPLOYMENT_TARGET = 16.2;
				MTL_ENABLE_DEBUG_INFO = INCLUDE_SOURCE;
				MTL_FAST_MATH = YES;
				ONLY_ACTIVE_ARCH = YES;
				SDKROOT = iphoneos;
				SWIFT_ACTIVE_COMPILATION_CONDITIONS = DEBUG;
				SWIFT_OPTIMIZATION_LEVEL = "-Onone";
			};
			name = Debug;
		};
		6C0D365829F5F52000F10389 /* Release */ = {
			isa = XCBuildConfiguration;
			buildSettings = {
				ALWAYS_SEARCH_USER_PATHS = NO;
				CLANG_ANALYZER_NONNULL = YES;
				CLANG_ANALYZER_NUMBER_OBJECT_CONVERSION = YES_AGGRESSIVE;
				CLANG_CXX_LANGUAGE_STANDARD = "gnu++20";
				CLANG_ENABLE_MODULES = YES;
				CLANG_ENABLE_OBJC_ARC = YES;
				CLANG_ENABLE_OBJC_WEAK = YES;
				CLANG_WARN_BLOCK_CAPTURE_AUTORELEASING = YES;
				CLANG_WARN_BOOL_CONVERSION = YES;
				CLANG_WARN_COMMA = YES;
				CLANG_WARN_CONSTANT_CONVERSION = YES;
				CLANG_WARN_DEPRECATED_OBJC_IMPLEMENTATIONS = YES;
				CLANG_WARN_DIRECT_OBJC_ISA_USAGE = YES_ERROR;
				CLANG_WARN_DOCUMENTATION_COMMENTS = YES;
				CLANG_WARN_EMPTY_BODY = YES;
				CLANG_WARN_ENUM_CONVERSION = YES;
				CLANG_WARN_INFINITE_RECURSION = YES;
				CLANG_WARN_INT_CONVERSION = YES;
				CLANG_WARN_NON_LITERAL_NULL_CONVERSION = YES;
				CLANG_WARN_OBJC_IMPLICIT_RETAIN_SELF = YES;
				CLANG_WARN_OBJC_LITERAL_CONVERSION = YES;
				CLANG_WARN_OBJC_ROOT_CLASS = YES_ERROR;
				CLANG_WARN_QUOTED_INCLUDE_IN_FRAMEWORK_HEADER = YES;
				CLANG_WARN_RANGE_LOOP_ANALYSIS = YES;
				CLANG_WARN_STRICT_PROTOTYPES = YES;
				CLANG_WARN_SUSPICIOUS_MOVE = YES;
				CLANG_WARN_UNGUARDED_AVAILABILITY = YES_AGGRESSIVE;
				CLANG_WARN_UNREACHABLE_CODE = YES;
				CLANG_WARN__DUPLICATE_METHOD_MATCH = YES;
				COPY_PHASE_STRIP = NO;
				DEBUG_INFORMATION_FORMAT = "dwarf-with-dsym";
				ENABLE_NS_ASSERTIONS = NO;
				ENABLE_STRICT_OBJC_MSGSEND = YES;
				GCC_C_LANGUAGE_STANDARD = gnu11;
				GCC_NO_COMMON_BLOCKS = YES;
				GCC_WARN_64_TO_32_BIT_CONVERSION = YES;
				GCC_WARN_ABOUT_RETURN_TYPE = YES_ERROR;
				GCC_WARN_UNDECLARED_SELECTOR = YES;
				GCC_WARN_UNINITIALIZED_AUTOS = YES_AGGRESSIVE;
				GCC_WARN_UNUSED_FUNCTION = YES;
				GCC_WARN_UNUSED_VARIABLE = YES;
				IPHONEOS_DEPLOYMENT_TARGET = 16.2;
				MTL_ENABLE_DEBUG_INFO = NO;
				MTL_FAST_MATH = YES;
				SDKROOT = iphoneos;
				SWIFT_COMPILATION_MODE = wholemodule;
				SWIFT_OPTIMIZATION_LEVEL = "-O";
				VALIDATE_PRODUCT = YES;
			};
			name = Release;
		};
		6C0D365A29F5F52000F10389 /* Debug */ = {
			isa = XCBuildConfiguration;
			buildSettings = {
				ASSETCATALOG_COMPILER_APPICON_NAME = AppIcon;
				ASSETCATALOG_COMPILER_GLOBAL_ACCENT_COLOR_NAME = AccentColor;
				CODE_SIGN_STYLE = Automatic;
				CURRENT_PROJECT_VERSION = 1;
				DEVELOPMENT_ASSET_PATHS = "\"Emojii Generator/Preview Content\"";
				ENABLE_PREVIEWS = YES;
				GENERATE_INFOPLIST_FILE = YES;
				INFOPLIST_KEY_UIApplicationSceneManifest_Generation = YES;
				INFOPLIST_KEY_UIApplicationSupportsIndirectInputEvents = YES;
				INFOPLIST_KEY_UILaunchScreen_Generation = YES;
				INFOPLIST_KEY_UISupportedInterfaceOrientations_iPad = "UIInterfaceOrientationPortrait UIInterfaceOrientationPortraitUpsideDown UIInterfaceOrientationLandscapeLeft UIInterfaceOrientationLandscapeRight";
				INFOPLIST_KEY_UISupportedInterfaceOrientations_iPhone = "UIInterfaceOrientationPortrait UIInterfaceOrientationLandscapeLeft UIInterfaceOrientationLandscapeRight";
				LD_RUNPATH_SEARCH_PATHS = (
					"$(inherited)",
					"@executable_path/Frameworks",
				);
				MARKETING_VERSION = 1.0;
				PRODUCT_BUNDLE_IDENTIFIER = "Tom-s.Emojii-Generator";
				PRODUCT_NAME = "$(TARGET_NAME)";
				SWIFT_EMIT_LOC_STRINGS = YES;
				SWIFT_VERSION = 5.0;
				TARGETED_DEVICE_FAMILY = "1,2";
			};
			name = Debug;
		};
		6C0D365B29F5F52000F10389 /* Release */ = {
			isa = XCBuildConfiguration;
			buildSettings = {
				ASSETCATALOG_COMPILER_APPICON_NAME = AppIcon;
				ASSETCATALOG_COMPILER_GLOBAL_ACCENT_COLOR_NAME = AccentColor;
				CODE_SIGN_STYLE = Automatic;
				CURRENT_PROJECT_VERSION = 1;
				DEVELOPMENT_ASSET_PATHS = "\"Emojii Generator/Preview Content\"";
				ENABLE_PREVIEWS = YES;
				GENERATE_INFOPLIST_FILE = YES;
				INFOPLIST_KEY_UIApplicationSceneManifest_Generation = YES;
				INFOPLIST_KEY_UIApplicationSupportsIndirectInputEvents = YES;
				INFOPLIST_KEY_UILaunchScreen_Generation = YES;
				INFOPLIST_KEY_UISupportedInterfaceOrientations_iPad = "UIInterfaceOrientationPortrait UIInterfaceOrientationPortraitUpsideDown UIInterfaceOrientationLandscapeLeft UIInterfaceOrientationLandscapeRight";
				INFOPLIST_KEY_UISupportedInterfaceOrientations_iPhone = "UIInterfaceOrientationPortrait UIInterfaceOrientationLandscapeLeft UIInterfaceOrientationLandscapeRight";
				LD_RUNPATH_SEARCH_PATHS = (
					"$(inherited)",
					"@executable_path/Frameworks",
				);
				MARKETING_VERSION = 1.0;
				PRODUCT_BUNDLE_IDENTIFIER = "Tom-s.Emojii-Generator";
				PRODUCT_NAME = "$(TARGET_NAME)";
				SWIFT_EMIT_LOC_STRINGS = YES;
				SWIFT_VERSION = 5.0;
				TARGETED_DEVICE_FAMILY = "1,2";
			};
			name = Release;
		};
		6C0D365D29F5F52000F10389 /* Debug */ = {
			isa = XCBuildConfiguration;
			buildSettings = {
				ALWAYS_EMBED_SWIFT_STANDARD_LIBRARIES = YES;
				BUNDLE_LOADER = "$(TEST_HOST)";
				CODE_SIGN_STYLE = Automatic;
				CURRENT_PROJECT_VERSION = 1;
				GENERATE_INFOPLIST_FILE = YES;
				IPHONEOS_DEPLOYMENT_TARGET = 16.2;
				MARKETING_VERSION = 1.0;
				PRODUCT_BUNDLE_IDENTIFIER = "Tom-s.Emojii-GeneratorTests";
				PRODUCT_NAME = "$(TARGET_NAME)";
				SWIFT_EMIT_LOC_STRINGS = NO;
				SWIFT_VERSION = 5.0;
				TARGETED_DEVICE_FAMILY = "1,2";
				TEST_HOST = "$(BUILT_PRODUCTS_DIR)/Emojii Generator.app/$(BUNDLE_EXECUTABLE_FOLDER_PATH)/Emojii Generator";
			};
			name = Debug;
		};
		6C0D365E29F5F52000F10389 /* Release */ = {
			isa = XCBuildConfiguration;
			buildSettings = {
				ALWAYS_EMBED_SWIFT_STANDARD_LIBRARIES = YES;
				BUNDLE_LOADER = "$(TEST_HOST)";
				CODE_SIGN_STYLE = Automatic;
				CURRENT_PROJECT_VERSION = 1;
				GENERATE_INFOPLIST_FILE = YES;
				IPHONEOS_DEPLOYMENT_TARGET = 16.2;
				MARKETING_VERSION = 1.0;
				PRODUCT_BUNDLE_IDENTIFIER = "Tom-s.Emojii-GeneratorTests";
				PRODUCT_NAME = "$(TARGET_NAME)";
				SWIFT_EMIT_LOC_STRINGS = NO;
				SWIFT_VERSION = 5.0;
				TARGETED_DEVICE_FAMILY = "1,2";
				TEST_HOST = "$(BUILT_PRODUCTS_DIR)/Emojii Generator.app/$(BUNDLE_EXECUTABLE_FOLDER_PATH)/Emojii Generator";
			};
			name = Release;
		};
		6C0D366029F5F52000F10389 /* Debug */ = {
			isa = XCBuildConfiguration;
			buildSettings = {
				ALWAYS_EMBED_SWIFT_STANDARD_LIBRARIES = YES;
				CODE_SIGN_STYLE = Automatic;
				CURRENT_PROJECT_VERSION = 1;
				GENERATE_INFOPLIST_FILE = YES;
				MARKETING_VERSION = 1.0;
				PRODUCT_BUNDLE_IDENTIFIER = "Tom-s.Emojii-GeneratorUITests";
				PRODUCT_NAME = "$(TARGET_NAME)";
				SWIFT_EMIT_LOC_STRINGS = NO;
				SWIFT_VERSION = 5.0;
				TARGETED_DEVICE_FAMILY = "1,2";
				TEST_TARGET_NAME = "Emojii Generator";
			};
			name = Debug;
		};
		6C0D366129F5F52000F10389 /* Release */ = {
			isa = XCBuildConfiguration;
			buildSettings = {
				ALWAYS_EMBED_SWIFT_STANDARD_LIBRARIES = YES;
				CODE_SIGN_STYLE = Automatic;
				CURRENT_PROJECT_VERSION = 1;
				GENERATE_INFOPLIST_FILE = YES;
				MARKETING_VERSION = 1.0;
				PRODUCT_BUNDLE_IDENTIFIER = "Tom-s.Emojii-GeneratorUITests";
				PRODUCT_NAME = "$(TARGET_NAME)";
				SWIFT_EMIT_LOC_STRINGS = NO;
				SWIFT_VERSION = 5.0;
				TARGETED_DEVICE_FAMILY = "1,2";
				TEST_TARGET_NAME = "Emojii Generator";
			};
			name = Release;
		};
/* End XCBuildConfiguration section */

/* Begin XCConfigurationList section */
		6C0D363029F5F51E00F10389 /* Build configuration list for PBXProject "Emojii Generator" */ = {
			isa = XCConfigurationList;
			buildConfigurations = (
				6C0D365729F5F52000F10389 /* Debug */,
				6C0D365829F5F52000F10389 /* Release */,
			);
			defaultConfigurationIsVisible = 0;
			defaultConfigurationName = Release;
		};
		6C0D365929F5F52000F10389 /* Build configuration list for PBXNativeTarget "Emojii Generator" */ = {
			isa = XCConfigurationList;
			buildConfigurations = (
				6C0D365A29F5F52000F10389 /* Debug */,
				6C0D365B29F5F52000F10389 /* Release */,
			);
			defaultConfigurationIsVisible = 0;
			defaultConfigurationName = Release;
		};
		6C0D365C29F5F52000F10389 /* Build configuration list for PBXNativeTarget "Emojii GeneratorTests" */ = {
			isa = XCConfigurationList;
			buildConfigurations = (
				6C0D365D29F5F52000F10389 /* Debug */,
				6C0D365E29F5F52000F10389 /* Release */,
			);
			defaultConfigurationIsVisible = 0;
			defaultConfigurationName = Release;
		};
		6C0D365F29F5F52000F10389 /* Build configuration list for PBXNativeTarget "Emojii GeneratorUITests" */ = {
			isa = XCConfigurationList;
			buildConfigurations = (
				6C0D366029F5F52000F10389 /* Debug */,
				6C0D366129F5F52000F10389 /* Release */,
			);
			defaultConfigurationIsVisible = 0;
			defaultConfigurationName = Release;
		};
/* End XCConfigurationList section */
	};
	rootObject = 6C0D362D29F5F51E00F10389 /* Project object */;
}
